
Microsoft Visual Studio Solution File, Format Version 12.00
# Visual Studio Version 17
VisualStudioVersion = 17.11.35303.130
MinimumVisualStudioVersion = 10.0.40219.1
Project("{FAE04EC0-301F-11D3-BF4B-00C04F79EFBC}") = "ShoppingApp", "ShoppingApp\ShoppingApp.csproj", "{EB3AB501-4434-4A1D-9C10-8E6F7BF3DDE6}"
EndProject
Global
	GlobalSection(SolutionConfigurationPlatforms) = preSolution
		Debug|Any CPU = Debug|Any CPU
		Release|Any CPU = Release|Any CPU
	EndGlobalSection
	GlobalSection(ProjectConfigurationPlatforms) = postSolution
		{EB3AB501-4434-4A1D-9C10-8E6F7BF3DDE6}.Debug|Any CPU.ActiveCfg = Debug|Any CPU
		{EB3AB501-4434-4A1D-9C10-8E6F7BF3DDE6}.Debug|Any CPU.Build.0 = Debug|Any CPU
		{EB3AB501-4434-4A1D-9C10-8E6F7BF3DDE6}.Release|Any CPU.ActiveCfg = Release|Any CPU
		{EB3AB501-4434-4A1D-9C10-8E6F7BF3DDE6}.Release|Any CPU.Build.0 = Release|Any CPU
	EndGlobalSection
	GlobalSection(SolutionProperties) = preSolution
		HideSolutionNode = FALSE
	EndGlobalSection
	GlobalSection(ExtensibilityGlobals) = postSolution
		SolutionGuid = {54F92349-12AA-4545-A8AE-5A9D5DDF04A1}
	EndGlobalSection
EndGlobal
